{
  "nodes": {
    "nixpkgs": {
      "locked": {
        "lastModified": 1717070961,
        "narHash": "sha256-0JN98HVWPMlxj48Ot9K3eF0CWfwvo7/7VAYO+VAHg1Q=",
        "owner": "nixos",
        "repo": "nixpkgs",
        "rev": "aa61b27554a5fc282758bf0324781e3464ef2cde",
        "type": "github"
      },
      "original": {
        "owner": "nixos",
        "ref": "nixpkgs-unstable",
        "repo": "nixpkgs",
        "type": "github"
      }
    },
    "root": {
      "inputs": {
        "nixpkgs": "nixpkgs"
      }
    }
  },
  "root": "root",
  "version": 7
}
